
Microsoft Visual Studio Solution File, Format Version 12.00
# Visual Studio Version 17
VisualStudioVersion = 17.10.35122.118
MinimumVisualStudioVersion = 10.0.40219.1
Project("{FAE04EC0-301F-11D3-BF4B-00C04F79EFBC}") = "PROYECTO1", "PROYECTO1\PROYECTO1.csproj", "{4666CEDA-1918-4102-A9C4-10A221C38C62}"
EndProject
Global
	GlobalSection(SolutionConfigurationPlatforms) = preSolution
		Debug|Any CPU = Debug|Any CPU
		Release|Any CPU = Release|Any CPU
	EndGlobalSection
	GlobalSection(ProjectConfigurationPlatforms) = postSolution
		{4666CEDA-1918-4102-A9C4-10A221C38C62}.Debug|Any CPU.ActiveCfg = Debug|Any CPU
		{4666CEDA-1918-4102-A9C4-10A221C38C62}.Debug|Any CPU.Build.0 = Debug|Any CPU
		{4666CEDA-1918-4102-A9C4-10A221C38C62}.Release|Any CPU.ActiveCfg = Release|Any CPU
		{4666CEDA-1918-4102-A9C4-10A221C38C62}.Release|Any CPU.Build.0 = Release|Any CPU
	EndGlobalSection
	GlobalSection(SolutionProperties) = preSolution
		HideSolutionNode = FALSE
	EndGlobalSection
	GlobalSection(ExtensibilityGlobals) = postSolution
		SolutionGuid = {11B8BEE1-DF9D-4DE3-9479-7AFA59FC2107}
	EndGlobalSection
EndGlobal
